Microsoft Visual Studio Solution File, Format Version 12.00
# Visual Studio Version 17
VisualStudioVersion = 17.5.2.0
MinimumVisualStudioVersion = 10.0.40219.1
Project("{FAE04EC0-301F-11D3-BF4B-00C04F79EFBC}") = "if-else-if", "if-else-if.csproj", "{65A9EB67-4988-0A3D-1005-472FA182FD27}"
EndProject
Global
	GlobalSection(SolutionConfigurationPlatforms) = preSolution
		Debug|Any CPU = Debug|Any CPU
		Release|Any CPU = Release|Any CPU
	EndGlobalSection
	GlobalSection(ProjectConfigurationPlatforms) = postSolution
		{65A9EB67-4988-0A3D-1005-472FA182FD27}.Debug|Any CPU.ActiveCfg = Debug|Any CPU
		{65A9EB67-4988-0A3D-1005-472FA182FD27}.Debug|Any CPU.Build.0 = Debug|Any CPU
		{65A9EB67-4988-0A3D-1005-472FA182FD27}.Release|Any CPU.ActiveCfg = Release|Any CPU
		{65A9EB67-4988-0A3D-1005-472FA182FD27}.Release|Any CPU.Build.0 = Release|Any CPU
	EndGlobalSection
	GlobalSection(SolutionProperties) = preSolution
		HideSolutionNode = FALSE
	EndGlobalSection
	GlobalSection(ExtensibilityGlobals) = postSolution
		SolutionGuid = {3E9D31CA-CC2A-4BF6-A2F8-B8BE13CBC64E}
	EndGlobalSection
EndGlobal
